
Microsoft Visual Studio Solution File, Format Version 12.00
# Visual Studio 14
VisualStudioVersion = 14.0.25420.1
MinimumVisualStudioVersion = 10.0.40219.1
Project("{FAE04EC0-301F-11D3-BF4B-00C04F79EFBC}") = "GameFifteen", "GameFifteen\GameFifteen.csproj", "{72527FC7-1E21-4356-ADDE-A99126CF09DB}"
EndProject
Global
	GlobalSection(SolutionConfigurationPlatforms) = preSolution
		Debug|Any CPU = Debug|Any CPU
		Release|Any CPU = Release|Any CPU
	EndGlobalSection
	GlobalSection(ProjectConfigurationPlatforms) = postSolution
		{72527FC7-1E21-4356-ADDE-A99126CF09DB}.Debug|Any CPU.ActiveCfg = Debug|Any CPU
		{72527FC7-1E21-4356-ADDE-A99126CF09DB}.Debug|Any CPU.Build.0 = Debug|Any CPU
		{72527FC7-1E21-4356-ADDE-A99126CF09DB}.Release|Any CPU.ActiveCfg = Release|Any CPU
		{72527FC7-1E21-4356-ADDE-A99126CF09DB}.Release|Any CPU.Build.0 = Release|Any CPU
	EndGlobalSection
	GlobalSection(SolutionProperties) = preSolution
		HideSolutionNode = FALSE
	EndGlobalSection
EndGlobal
